
Microsoft Visual Studio Solution File, Format Version 12.00
# Visual Studio Version 16
VisualStudioVersion = 16.0.29806.167
MinimumVisualStudioVersion = 10.0.40219.1
Project("{FAE04EC0-301F-11D3-BF4B-00C04F79EFBC}") = "TataruHelper", "TataruHelper\TataruHelper.csproj", "{B08AC93D-827E-46E8-B541-C66010865FFD}"
EndProject
Project("{FAE04EC0-301F-11D3-BF4B-00C04F79EFBC}") = "WpfXamlExtensions", "WpfXamlExtensions\WpfXamlExtensions.csproj", "{E3E58614-50B3-4028-AFFA-DA1369DE4CB9}"
EndProject
Project("{FAE04EC0-301F-11D3-BF4B-00C04F79EFBC}") = "Translation", "Translation\Translation.csproj", "{37DE7A36-75AA-475F-BC99-4D1B852A3FF2}"
EndProject
Project("{FAE04EC0-301F-11D3-BF4B-00C04F79EFBC}") = "Updater", "Updater\Updater.csproj", "{6D24E824-953E-4112-952E-DCEEF54B8B0F}"
EndProject
Project("{FAE04EC0-301F-11D3-BF4B-00C04F79EFBC}") = "Translation.Tests", "Translation.Tests\Translation.Tests.csproj", "{568FF680-14DB-4153-BB4B-3E7D1540AE92}"
EndProject
Project("{FAE04EC0-301F-11D3-BF4B-00C04F79EFBC}") = "TataruHelper.Tests", "TataruHelper.Tests\TataruHelper.Tests.csproj", "{C8EB0198-6509-4E7E-9B38-AC84D8B40AD4}"
EndProject
Project("{FAE04EC0-301F-11D3-BF4B-00C04F79EFBC}") = "Updater.Tests", "Updater.Tests\Updater.Tests.csproj", "{65F3BDEB-B93F-4B33-AEEF-9F5957F17ACB}"
EndProject
Global
	GlobalSection(SolutionConfigurationPlatforms) = preSolution
		Debug|Any CPU = Debug|Any CPU
		Debug|x64 = Debug|x64
		Debug|x86 = Debug|x86
		Release|Any CPU = Release|Any CPU
		Release|x64 = Release|x64
		Release|x86 = Release|x86
	EndGlobalSection
	GlobalSection(ProjectConfigurationPlatforms) = postSolution
		{B08AC93D-827E-46E8-B541-C66010865FFD}.Debug|Any CPU.ActiveCfg = Debug|Any CPU
		{B08AC93D-827E-46E8-B541-C66010865FFD}.Debug|Any CPU.Build.0 = Debug|Any CPU
		{B08AC93D-827E-46E8-B541-C66010865FFD}.Debug|x64.ActiveCfg = Debug|Any CPU
		{B08AC93D-827E-46E8-B541-C66010865FFD}.Debug|x64.Build.0 = Debug|Any CPU
		{B08AC93D-827E-46E8-B541-C66010865FFD}.Debug|x86.ActiveCfg = Debug|Any CPU
		{B08AC93D-827E-46E8-B541-C66010865FFD}.Debug|x86.Build.0 = Debug|Any CPU
		{B08AC93D-827E-46E8-B541-C66010865FFD}.Release|Any CPU.ActiveCfg = Release|Any CPU
		{B08AC93D-827E-46E8-B541-C66010865FFD}.Release|Any CPU.Build.0 = Release|Any CPU
		{B08AC93D-827E-46E8-B541-C66010865FFD}.Release|x64.ActiveCfg = Release|Any CPU
		{B08AC93D-827E-46E8-B541-C66010865FFD}.Release|x64.Build.0 = Release|Any CPU
		{B08AC93D-827E-46E8-B541-C66010865FFD}.Release|x86.ActiveCfg = Release|Any CPU
		{B08AC93D-827E-46E8-B541-C66010865FFD}.Release|x86.Build.0 = Release|Any CPU
		{E3E58614-50B3-4028-AFFA-DA1369DE4CB9}.Debug|Any CPU.ActiveCfg = Debug|Any CPU
		{E3E58614-50B3-4028-AFFA-DA1369DE4CB9}.Debug|Any CPU.Build.0 = Debug|Any CPU
		{E3E58614-50B3-4028-AFFA-DA1369DE4CB9}.Debug|x64.ActiveCfg = Debug|Any CPU
		{E3E58614-50B3-4028-AFFA-DA1369DE4CB9}.Debug|x64.Build.0 = Debug|Any CPU
		{E3E58614-50B3-4028-AFFA-DA1369DE4CB9}.Debug|x86.ActiveCfg = Debug|Any CPU
		{E3E58614-50B3-4028-AFFA-DA1369DE4CB9}.Debug|x86.Build.0 = Debug|Any CPU
		{E3E58614-50B3-4028-AFFA-DA1369DE4CB9}.Release|Any CPU.ActiveCfg = Release|Any CPU
		{E3E58614-50B3-4028-AFFA-DA1369DE4CB9}.Release|Any CPU.Build.0 = Release|Any CPU
		{E3E58614-50B3-4028-AFFA-DA1369DE4CB9}.Release|x64.ActiveCfg = Release|Any CPU
		{E3E58614-50B3-4028-AFFA-DA1369DE4CB9}.Release|x64.Build.0 = Release|Any CPU
		{E3E58614-50B3-4028-AFFA-DA1369DE4CB9}.Release|x86.ActiveCfg = Release|Any CPU
		{E3E58614-50B3-4028-AFFA-DA1369DE4CB9}.Release|x86.Build.0 = Release|Any CPU
		{37DE7A36-75AA-475F-BC99-4D1B852A3FF2}.Debug|Any CPU.ActiveCfg = Debug|Any CPU
		{37DE7A36-75AA-475F-BC99-4D1B852A3FF2}.Debug|Any CPU.Build.0 = Debug|Any CPU
		{37DE7A36-75AA-475F-BC99-4D1B852A3FF2}.Debug|x64.ActiveCfg = Debug|Any CPU
		{37DE7A36-75AA-475F-BC99-4D1B852A3FF2}.Debug|x64.Build.0 = Debug|Any CPU
		{37DE7A36-75AA-475F-BC99-4D1B852A3FF2}.Debug|x86.ActiveCfg = Debug|Any CPU
		{37DE7A36-75AA-475F-BC99-4D1B852A3FF2}.Debug|x86.Build.0 = Debug|Any CPU
		{37DE7A36-75AA-475F-BC99-4D1B852A3FF2}.Release|Any CPU.ActiveCfg = Release|Any CPU
		{37DE7A36-75AA-475F-BC99-4D1B852A3FF2}.Release|Any CPU.Build.0 = Release|Any CPU
		{37DE7A36-75AA-475F-BC99-4D1B852A3FF2}.Release|x64.ActiveCfg = Release|Any CPU
		{37DE7A36-75AA-475F-BC99-4D1B852A3FF2}.Release|x64.Build.0 = Release|Any CPU
		{37DE7A36-75AA-475F-BC99-4D1B852A3FF2}.Release|x86.ActiveCfg = Release|Any CPU
		{37DE7A36-75AA-475F-BC99-4D1B852A3FF2}.Release|x86.Build.0 = Release|Any CPU
		{6D24E824-953E-4112-952E-DCEEF54B8B0F}.Debug|Any CPU.ActiveCfg = Debug|Any CPU
		{6D24E824-953E-4112-952E-DCEEF54B8B0F}.Debug|Any CPU.Build.0 = Debug|Any CPU
		{6D24E824-953E-4112-952E-DCEEF54B8B0F}.Debug|x64.ActiveCfg = Debug|Any CPU
		{6D24E824-953E-4112-952E-DCEEF54B8B0F}.Debug|x64.Build.0 = Debug|Any CPU
		{6D24E824-953E-4112-952E-DCEEF54B8B0F}.Debug|x86.ActiveCfg = Debug|Any CPU
		{6D24E824-953E-4112-952E-DCEEF54B8B0F}.Debug|x86.Build.0 = Debug|Any CPU
		{6D24E824-953E-4112-952E-DCEEF54B8B0F}.Release|Any CPU.ActiveCfg = Release|Any CPU
		{6D24E824-953E-4112-952E-DCEEF54B8B0F}.Release|Any CPU.Build.0 = Release|Any CPU
		{6D24E824-953E-4112-952E-DCEEF54B8B0F}.Release|x64.ActiveCfg = Release|Any CPU
		{6D24E824-953E-4112-952E-DCEEF54B8B0F}.Release|x64.Build.0 = Release|Any CPU
		{6D24E824-953E-4112-952E-DCEEF54B8B0F}.Release|x86.ActiveCfg = Release|Any CPU
		{6D24E824-953E-4112-952E-DCEEF54B8B0F}.Release|x86.Build.0 = Release|Any CPU
		{568FF680-14DB-4153-BB4B-3E7D1540AE92}.Debug|Any CPU.ActiveCfg = Debug|Any CPU
		{568FF680-14DB-4153-BB4B-3E7D1540AE92}.Debug|Any CPU.Build.0 = Debug|Any CPU
		{568FF680-14DB-4153-BB4B-3E7D1540AE92}.Debug|x64.ActiveCfg = Debug|Any CPU
		{568FF680-14DB-4153-BB4B-3E7D1540AE92}.Debug|x64.Build.0 = Debug|Any CPU
		{568FF680-14DB-4153-BB4B-3E7D1540AE92}.Debug|x86.ActiveCfg = Debug|Any CPU
		{568FF680-14DB-4153-BB4B-3E7D1540AE92}.Debug|x86.Build.0 = Debug|Any CPU
		{568FF680-14DB-4153-BB4B-3E7D1540AE92}.Release|Any CPU.ActiveCfg = Release|Any CPU
		{568FF680-14DB-4153-BB4B-3E7D1540AE92}.Release|Any CPU.Build.0 = Release|Any CPU
		{568FF680-14DB-4153-BB4B-3E7D1540AE92}.Release|x64.ActiveCfg = Release|Any CPU
		{568FF680-14DB-4153-BB4B-3E7D1540AE92}.Release|x64.Build.0 = Release|Any CPU
		{568FF680-14DB-4153-BB4B-3E7D1540AE92}.Release|x86.ActiveCfg = Release|Any CPU
		{568FF680-14DB-4153-BB4B-3E7D1540AE92}.Release|x86.Build.0 = Release|Any CPU
		{C8EB0198-6509-4E7E-9B38-AC84D8B40AD4}.Debug|Any CPU.ActiveCfg = Debug|Any CPU
		{C8EB0198-6509-4E7E-9B38-AC84D8B40AD4}.Debug|Any CPU.Build.0 = Debug|Any CPU
		{C8EB0198-6509-4E7E-9B38-AC84D8B40AD4}.Debug|x64.ActiveCfg = Debug|Any CPU
		{C8EB0198-6509-4E7E-9B38-AC84D8B40AD4}.Debug|x64.Build.0 = Debug|Any CPU
		{C8EB0198-6509-4E7E-9B38-AC84D8B40AD4}.Debug|x86.ActiveCfg = Debug|Any CPU
		{C8EB0198-6509-4E7E-9B38-AC84D8B40AD4}.Debug|x86.Build.0 = Debug|Any CPU
		{C8EB0198-6509-4E7E-9B38-AC84D8B40AD4}.Release|Any CPU.ActiveCfg = Release|Any CPU
		{C8EB0198-6509-4E7E-9B38-AC84D8B40AD4}.Release|Any CPU.Build.0 = Release|Any CPU
		{C8EB0198-6509-4E7E-9B38-AC84D8B40AD4}.Release|x64.ActiveCfg = Release|Any CPU
		{C8EB0198-6509-4E7E-9B38-AC84D8B40AD4}.Release|x64.Build.0 = Release|Any CPU
		{C8EB0198-6509-4E7E-9B38-AC84D8B40AD4}.Release|x86.ActiveCfg = Release|Any CPU
		{C8EB0198-6509-4E7E-9B38-AC84D8B40AD4}.Release|x86.Build.0 = Release|Any CPU
		{65F3BDEB-B93F-4B33-AEEF-9F5957F17ACB}.Debug|Any CPU.ActiveCfg = Debug|Any CPU
		{65F3BDEB-B93F-4B33-AEEF-9F5957F17ACB}.Debug|Any CPU.Build.0 = Debug|Any CPU
		{65F3BDEB-B93F-4B33-AEEF-9F5957F17ACB}.Debug|x64.ActiveCfg = Debug|Any CPU
		{65F3BDEB-B93F-4B33-AEEF-9F5957F17ACB}.Debug|x64.Build.0 = Debug|Any CPU
		{65F3BDEB-B93F-4B33-AEEF-9F5957F17ACB}.Debug|x86.ActiveCfg = Debug|Any CPU
		{65F3BDEB-B93F-4B33-AEEF-9F5957F17ACB}.Debug|x86.Build.0 = Debug|Any CPU
		{65F3BDEB-B93F-4B33-AEEF-9F5957F17ACB}.Release|Any CPU.ActiveCfg = Release|Any CPU
		{65F3BDEB-B93F-4B33-AEEF-9F5957F17ACB}.Release|Any CPU.Build.0 = Release|Any CPU
		{65F3BDEB-B93F-4B33-AEEF-9F5957F17ACB}.Release|x64.ActiveCfg = Release|Any CPU
		{65F3BDEB-B93F-4B33-AEEF-9F5957F17ACB}.Release|x64.Build.0 = Release|Any CPU
		{65F3BDEB-B93F-4B33-AEEF-9F5957F17ACB}.Release|x86.ActiveCfg = Release|Any CPU
		{65F3BDEB-B93F-4B33-AEEF-9F5957F17ACB}.Release|x86.Build.0 = Release|Any CPU
	EndGlobalSection
	GlobalSection(SolutionProperties) = preSolution
		HideSolutionNode = FALSE
	EndGlobalSection
	GlobalSection(ExtensibilityGlobals) = postSolution
		SolutionGuid = {10AF8F89-EB36-499A-AC7F-C64381C157DE}
	EndGlobalSection
EndGlobal
